
Microsoft Visual Studio Solution File, Format Version 12.00
# Visual Studio Version 16
VisualStudioVersion = 16.0.31729.503
MinimumVisualStudioVersion = 10.0.40219.1
Project("{FAE04EC0-301F-11D3-BF4B-00C04F79EFBC}") = "MoviesRental", "MoviesRental.csproj", "{834AB0B0-61FF-4E4A-80C4-5B17EE5B36ED}"
EndProject
Global
	GlobalSection(SolutionConfigurationPlatforms) = preSolution
		Debug|Any CPU = Debug|Any CPU
		Release|Any CPU = Release|Any CPU
	EndGlobalSection
	GlobalSection(ProjectConfigurationPlatforms) = postSolution
		{834AB0B0-61FF-4E4A-80C4-5B17EE5B36ED}.Debug|Any CPU.ActiveCfg = Debug|Any CPU
		{834AB0B0-61FF-4E4A-80C4-5B17EE5B36ED}.Debug|Any CPU.Build.0 = Debug|Any CPU
		{834AB0B0-61FF-4E4A-80C4-5B17EE5B36ED}.Release|Any CPU.ActiveCfg = Release|Any CPU
		{834AB0B0-61FF-4E4A-80C4-5B17EE5B36ED}.Release|Any CPU.Build.0 = Release|Any CPU
	EndGlobalSection
	GlobalSection(SolutionProperties) = preSolution
		HideSolutionNode = FALSE
	EndGlobalSection
	GlobalSection(ExtensibilityGlobals) = postSolution
		SolutionGuid = {C79451AF-77E0-4411-8479-4E39D7962E52}
	EndGlobalSection
EndGlobal
